// !$*UTF8*$!
{
	archiveVersion = 1;
	classes = {
	};
	objectVersion = 46;
	objects = {

/* Begin PBXBuildFile section */
		90CBD4951AB5D8CA002AFA09 /* ViewController2.swift in Sources */ = {isa = PBXBuildFile; fileRef = 90CBD4941AB5D8CA002AFA09 /* ViewController2.swift */; };
		90CBD4971AB5EA45002AFA09 /* Programs.swift in Sources */ = {isa = PBXBuildFile; fileRef = 90CBD4961AB5EA45002AFA09 /* Programs.swift */; };
		90CBD4991AB5F1E3002AFA09 /* DataController.swift in Sources */ = {isa = PBXBuildFile; fileRef = 90CBD4981AB5F1E3002AFA09 /* DataController.swift */; };
		90DB2CFE1AAA410600953D88 /* AppDelegate.swift in Sources */ = {isa = PBXBuildFile; fileRef = 90DB2CFD1AAA410600953D88 /* AppDelegate.swift */; };
		90DB2D001AAA410600953D88 /* ViewController.swift in Sources */ = {isa = PBXBuildFile; fileRef = 90DB2CFF1AAA410600953D88 /* ViewController.swift */; };
		90DB2D031AAA410600953D88 /* Main.storyboard in Resources */ = {isa = PBXBuildFile; fileRef = 90DB2D011AAA410600953D88 /* Main.storyboard */; };
		90DB2D051AAA410600953D88 /* Images.xcassets in Resources */ = {isa = PBXBuildFile; fileRef = 90DB2D041AAA410600953D88 /* Images.xcassets */; };
		90DB2D081AAA410600953D88 /* LaunchScreen.xib in Resources */ = {isa = PBXBuildFile; fileRef = 90DB2D061AAA410600953D88 /* LaunchScreen.xib */; };
		90DB2D141AAA410700953D88 /* QPointsTestTests.swift in Sources */ = {isa = PBXBuildFile; fileRef = 90DB2D131AAA410700953D88 /* QPointsTestTests.swift */; };
/* End PBXBuildFile section */

/* Begin PBXContainerItemProxy section */
		90DB2D0E1AAA410600953D88 /* PBXContainerItemProxy */ = {
			isa = PBXContainerItemProxy;
			containerPortal = 90DB2CF01AAA410600953D88 /* Project object */;
			proxyType = 1;
			remoteGlobalIDString = 90DB2CF71AAA410600953D88;
			remoteInfo = QPointsTest;
		};
/* End PBXContainerItemProxy section */

/* Begin PBXFileReference section */
		90CBD4941AB5D8CA002AFA09 /* ViewController2.swift */ = {isa = PBXFileReference; fileEncoding = 4; lastKnownFileType = sourcecode.swift; path = ViewController2.swift; sourceTree = "<group>"; };
		90CBD4961AB5EA45002AFA09 /* Programs.swift */ = {isa = PBXFileReference; fileEncoding = 4; lastKnownFileType = sourcecode.swift; path = Programs.swift; sourceTree = "<group>"; };
		90CBD4981AB5F1E3002AFA09 /* DataController.swift */ = {isa = PBXFileReference; fileEncoding = 4; lastKnownFileType = sourcecode.swift; path = DataController.swift; sourceTree = "<group>"; };
		90DB2CF81AAA410600953D88 /* QPointsTest.app */ = {isa = PBXFileReference; explicitFileType = wrapper.application; includeInIndex = 0; path = QPointsTest.app; sourceTree = BUILT_PRODUCTS_DIR; };
		90DB2CFC1AAA410600953D88 /* Info.plist */ = {isa = PBXFileReference; lastKnownFileType = text.plist.xml; path = Info.plist; sourceTree = "<group>"; };
		90DB2CFD1AAA410600953D88 /* AppDelegate.swift */ = {isa = PBXFileReference; lastKnownFileType = sourcecode.swift; path = AppDelegate.swift; sourceTree = "<group>"; };
		90DB2CFF1AAA410600953D88 /* ViewController.swift */ = {isa = PBXFileReference; lastKnownFileType = sourcecode.swift; path = ViewController.swift; sourceTree = "<group>"; };
		90DB2D021AAA410600953D88 /* Base */ = {isa = PBXFileReference; lastKnownFileType = file.storyboard; name = Base; path = Base.lproj/Main.storyboard; sourceTree = "<group>"; };
		90DB2D041AAA410600953D88 /* Images.xcassets */ = {isa = PBXFileReference; lastKnownFileType = folder.assetcatalog; path = Images.xcassets; sourceTree = "<group>"; };
		90DB2D071AAA410600953D88 /* Base */ = {isa = PBXFileReference; lastKnownFileType = file.xib; name = Base; path = Base.lproj/LaunchScreen.xib; sourceTree = "<group>"; };
		90DB2D0D1AAA410600953D88 /* QPointsTestTests.xctest */ = {isa = PBXFileReference; explicitFileType = wrapper.cfbundle; includeInIndex = 0; path = QPointsTestTests.xctest; sourceTree = BUILT_PRODUCTS_DIR; };
		90DB2D121AAA410700953D88 /* Info.plist */ = {isa = PBXFileReference; lastKnownFileType = text.plist.xml; path = Info.plist; sourceTree = "<group>"; };
		90DB2D131AAA410700953D88 /* QPointsTestTests.swift */ = {isa = PBXFileReference; lastKnownFileType = sourcecode.swift; path = QPointsTestTests.swift; sourceTree = "<group>"; };
/* End PBXFileReference section */

/* Begin PBXFrameworksBuildPhase section */
		90DB2CF51AAA410600953D88 /* Frameworks */ = {
			isa = PBXFrameworksBuildPhase;
			buildActionMask = 2147483647;
			files = (
			);
			runOnlyForDeploymentPostprocessing = 0;
		};
		90DB2D0A1AAA410600953D88 /* Frameworks */ = {
			isa = PBXFrameworksBuildPhase;
			buildActionMask = 2147483647;
			files = (
			);
			runOnlyForDeploymentPostprocessing = 0;
		};
/* End PBXFrameworksBuildPhase section */

/* Begin PBXGroup section */
		90DB2CEF1AAA410600953D88 = {
			isa = PBXGroup;
			children = (
				90CBD4981AB5F1E3002AFA09 /* DataController.swift */,
				90DB2CFA1AAA410600953D88 /* QPointsTest */,
				90DB2D101AAA410700953D88 /* QPointsTestTests */,
				90DB2CF91AAA410600953D88 /* Products */,
			);
			sourceTree = "<group>";
		};
		90DB2CF91AAA410600953D88 /* Products */ = {
			isa = PBXGroup;
			children = (
				90DB2CF81AAA410600953D88 /* QPointsTest.app */,
				90DB2D0D1AAA410600953D88 /* QPointsTestTests.xctest */,
			);
			name = Products;
			sourceTree = "<group>";
		};
		90DB2CFA1AAA410600953D88 /* QPointsTest */ = {
			isa = PBXGroup;
			children = (
				90DB2CFD1AAA410600953D88 /* AppDelegate.swift */,
				90DB2CFF1AAA410600953D88 /* ViewController.swift */,
				90CBD4961AB5EA45002AFA09 /* Programs.swift */,
				90CBD4941AB5D8CA002AFA09 /* ViewController2.swift */,
				90DB2D011AAA410600953D88 /* Main.storyboard */,
				90DB2D041AAA410600953D88 /* Images.xcassets */,
				90DB2D061AAA410600953D88 /* LaunchScreen.xib */,
				90DB2CFB1AAA410600953D88 /* Supporting Files */,
			);
			path = QPointsTest;
			sourceTree = "<group>";
		};
		90DB2CFB1AAA410600953D88 /* Supporting Files */ = {
			isa = PBXGroup;
			children = (
				90DB2CFC1AAA410600953D88 /* Info.plist */,
			);
			name = "Supporting Files";
			sourceTree = "<group>";
		};
		90DB2D101AAA410700953D88 /* QPointsTestTests */ = {
			isa = PBXGroup;
			children = (
				90DB2D131AAA410700953D88 /* QPointsTestTests.swift */,
				90DB2D111AAA410700953D88 /* Supporting Files */,
			);
			path = QPointsTestTests;
			sourceTree = "<group>";
		};
		90DB2D111AAA410700953D88 /* Supporting Files */ = {
			isa = PBXGroup;
			children = (
				90DB2D121AAA410700953D88 /* Info.plist */,
			);
			name = "Supporting Files";
			sourceTree = "<group>";
		};
/* End PBXGroup section */

/* Begin PBXNativeTarget section */
		90DB2CF71AAA410600953D88 /* QPointsTest */ = {
			isa = PBXNativeTarget;
			buildConfigurationList = 90DB2D171AAA410700953D88 /* Build configuration list for PBXNativeTarget "QPointsTest" */;
			buildPhases = (
				90DB2CF41AAA410600953D88 /* Sources */,
				90DB2CF51AAA410600953D88 /* Frameworks */,
				90DB2CF61AAA410600953D88 /* Resources */,
			);
			buildRules = (
			);
			dependencies = (
			);
			name = QPointsTest;
			productName = QPointsTest;
			productReference = 90DB2CF81AAA410600953D88 /* QPointsTest.app */;
			productType = "com.apple.product-type.application";
		};
		90DB2D0C1AAA410600953D88 /* QPointsTestTests */ = {
			isa = PBXNativeTarget;
			buildConfigurationList = 90DB2D1A1AAA410700953D88 /* Build configuration list for PBXNativeTarget "QPointsTestTests" */;
			buildPhases = (
				90DB2D091AAA410600953D88 /* Sources */,
				90DB2D0A1AAA410600953D88 /* Frameworks */,
				90DB2D0B1AAA410600953D88 /* Resources */,
			);
			buildRules = (
			);
			dependencies = (
				90DB2D0F1AAA410600953D88 /* PBXTargetDependency */,
			);
			name = QPointsTestTests;
			productName = QPointsTestTests;
			productReference = 90DB2D0D1AAA410600953D88 /* QPointsTestTests.xctest */;
			productType = "com.apple.product-type.bundle.unit-test";
		};
/* End PBXNativeTarget section */

/* Begin PBXProject section */
		90DB2CF01AAA410600953D88 /* Project object */ = {
			isa = PBXProject;
			attributes = {
				LastUpgradeCheck = 0610;
				ORGANIZATIONNAME = GuessWhapp;
				TargetAttributes = {
					90DB2CF71AAA410600953D88 = {
						CreatedOnToolsVersion = 6.1.1;
					};
					90DB2D0C1AAA410600953D88 = {
						CreatedOnToolsVersion = 6.1.1;
						TestTargetID = 90DB2CF71AAA410600953D88;
					};
				};
			};
			buildConfigurationList = 90DB2CF31AAA410600953D88 /* Build configuration list for PBXProject "QPointsTest" */;
			compatibilityVersion = "Xcode 3.2";
			developmentRegion = English;
			hasScannedForEncodings = 0;
			knownRegions = (
				en,
				Base,
			);
			mainGroup = 90DB2CEF1AAA410600953D88;
			productRefGroup = 90DB2CF91AAA410600953D88 /* Products */;
			projectDirPath = "";
			projectRoot = "";
			targets = (
				90DB2CF71AAA410600953D88 /* QPointsTest */,
				90DB2D0C1AAA410600953D88 /* QPointsTestTests */,
			);
		};
/* End PBXProject section */

/* Begin PBXResourcesBuildPhase section */
		90DB2CF61AAA410600953D88 /* Resources */ = {
			isa = PBXResourcesBuildPhase;
			buildActionMask = 2147483647;
			files = (
				90DB2D031AAA410600953D88 /* Main.storyboard in Resources */,
				90DB2D081AAA410600953D88 /* LaunchScreen.xib in Resources */,
				90DB2D051AAA410600953D88 /* Images.xcassets in Resources */,
			);
			runOnlyForDeploymentPostprocessing = 0;
		};
		90DB2D0B1AAA410600953D88 /* Resources */ = {
			isa = PBXResourcesBuildPhase;
			buildActionMask = 2147483647;
			files = (
			);
			runOnlyForDeploymentPostprocessing = 0;
		};
/* End PBXResourcesBuildPhase section */

/* Begin PBXSourcesBuildPhase section */
		90DB2CF41AAA410600953D88 /* Sources */ = {
			isa = PBXSourcesBuildPhase;
			buildActionMask = 2147483647;
			files = (
				90CBD4991AB5F1E3002AFA09 /* DataController.swift in Sources */,
				90CBD4971AB5EA45002AFA09 /* Programs.swift in Sources */,
				90DB2D001AAA410600953D88 /* ViewController.swift in Sources */,
				90CBD4951AB5D8CA002AFA09 /* ViewController2.swift in Sources */,
				90DB2CFE1AAA410600953D88 /* AppDelegate.swift in Sources */,
			);
			runOnlyForDeploymentPostprocessing = 0;
		};
		90DB2D091AAA410600953D88 /* Sources */ = {
			isa = PBXSourcesBuildPhase;
			buildActionMask = 2147483647;
			files = (
				90DB2D141AAA410700953D88 /* QPointsTestTests.swift in Sources */,
			);
			runOnlyForDeploymentPostprocessing = 0;
		};
/* End PBXSourcesBuildPhase section */

/* Begin PBXTargetDependency section */
		90DB2D0F1AAA410600953D88 /* PBXTargetDependency */ = {
			isa = PBXTargetDependency;
			target = 90DB2CF71AAA410600953D88 /* QPointsTest */;
			targetProxy = 90DB2D0E1AAA410600953D88 /* PBXContainerItemProxy */;
		};
/* End PBXTargetDependency section */

/* Begin PBXVariantGroup section */
		90DB2D011AAA410600953D88 /* Main.storyboard */ = {
			isa = PBXVariantGroup;
			children = (
				90DB2D021AAA410600953D88 /* Base */,
			);
			name = Main.storyboard;
			sourceTree = "<group>";
		};
		90DB2D061AAA410600953D88 /* LaunchScreen.xib */ = {
			isa = PBXVariantGroup;
			children = (
				90DB2D071AAA410600953D88 /* Base */,
			);
			name = LaunchScreen.xib;
			sourceTree = "<group>";
		};
/* End PBXVariantGroup section */

/* Begin XCBuildConfiguration section */
		90DB2D151AAA410700953D88 /* Debug */ = {
			isa = XCBuildConfiguration;
			buildSettings = {
				ALWAYS_SEARCH_USER_PATHS = NO;
				CLANG_CXX_LANGUAGE_STANDARD = "gnu++0x";
				CLANG_CXX_LIBRARY = "libc++";
				CLANG_ENABLE_MODULES = YES;
				CLANG_ENABLE_OBJC_ARC = YES;
				CLANG_WARN_BOOL_CONVERSION = YES;
				CLANG_WARN_CONSTANT_CONVERSION = YES;
				CLANG_WARN_DIRECT_OBJC_ISA_USAGE = YES_ERROR;
				CLANG_WARN_EMPTY_BODY = YES;
				CLANG_WARN_ENUM_CONVERSION = YES;
				CLANG_WARN_INT_CONVERSION = YES;
				CLANG_WARN_OBJC_ROOT_CLASS = YES_ERROR;
				CLANG_WARN_UNREACHABLE_CODE = YES;
				CLANG_WARN__DUPLICATE_METHOD_MATCH = YES;
				"CODE_SIGN_IDENTITY[sdk=iphoneos*]" = "iPhone Developer";
				COPY_PHASE_STRIP = NO;
				ENABLE_STRICT_OBJC_MSGSEND = YES;
				GCC_C_LANGUAGE_STANDARD = gnu99;
				GCC_DYNAMIC_NO_PIC = NO;
				GCC_OPTIMIZATION_LEVEL = 0;
				GCC_PREPROCESSOR_DEFINITIONS = (
					"DEBUG=1",
					"$(inherited)",
				);
				GCC_SYMBOLS_PRIVATE_EXTERN = NO;
				GCC_WARN_64_TO_32_BIT_CONVERSION = YES;
				GCC_WARN_ABOUT_RETURN_TYPE = YES_ERROR;
				GCC_WARN_UNDECLARED_SELECTOR = YES;
				GCC_WARN_UNINITIALIZED_AUTOS = YES_AGGRESSIVE;
				GCC_WARN_UNUSED_FUNCTION = YES;
				GCC_WARN_UNUSED_VARIABLE = YES;
				IPHONEOS_DEPLOYMENT_TARGET = 8.1;
				MTL_ENABLE_DEBUG_INFO = YES;
				ONLY_ACTIVE_ARCH = YES;
				SDKROOT = iphoneos;
				SWIFT_OPTIMIZATION_LEVEL = "-Onone";
				TARGETED_DEVICE_FAMILY = "1,2";
			};
			name = Debug;
		};
		90DB2D161AAA410700953D88 /* Release */ = {
			isa = XCBuildConfiguration;
			buildSettings = {
				ALWAYS_SEARCH_USER_PATHS = NO;
				CLANG_CXX_LANGUAGE_STANDARD = "gnu++0x";
				CLANG_CXX_LIBRARY = "libc++";
				CLANG_ENABLE_MODULES = YES;
				CLANG_ENABLE_OBJC_ARC = YES;
				CLANG_WARN_BOOL_CONVERSION = YES;
				CLANG_WARN_CONSTANT_CONVERSION = YES;
				CLANG_WARN_DIRECT_OBJC_ISA_USAGE = YES_ERROR;
				CLANG_WARN_EMPTY_BODY = YES;
				CLANG_WARN_ENUM_CONVERSION = YES;
				CLANG_WARN_INT_CONVERSION = YES;
				CLANG_WARN_OBJC_ROOT_CLASS = YES_ERROR;
				CLANG_WARN_UNREACHABLE_CODE = YES;
				CLANG_WARN__DUPLICATE_METHOD_MATCH = YES;
				"CODE_SIGN_IDENTITY[sdk=iphoneos*]" = "iPhone Developer";
				COPY_PHASE_STRIP = YES;
				ENABLE_NS_ASSERTIONS = NO;
				ENABLE_STRICT_OBJC_MSGSEND = YES;
				GCC_C_LANGUAGE_STANDARD = gnu99;
				GCC_WARN_64_TO_32_BIT_CONVERSION = YES;
				GCC_WARN_ABOUT_RETURN_TYPE = YES_ERROR;
				GCC_WARN_UNDECLARED_SELECTOR = YES;
				GCC_WARN_UNINITIALIZED_AUTOS = YES_AGGRESSIVE;
				GCC_WARN_UNUSED_FUNCTION = YES;
				GCC_WARN_UNUSED_VARIABLE = YES;
				IPHONEOS_DEPLOYMENT_TARGET = 8.1;
				MTL_ENABLE_DEBUG_INFO = NO;
				SDKROOT = iphoneos;
				TARGETED_DEVICE_FAMILY = "1,2";
				VALIDATE_PRODUCT = YES;
			};
			name = Release;
		};
		90DB2D181AAA410700953D88 /* Debug */ = {
			isa = XCBuildConfiguration;
			buildSettings = {
				ASSETCATALOG_COMPILER_APPICON_NAME = AppIcon;
				INFOPLIST_FILE = QPointsTest/Info.plist;
				LD_RUNPATH_SEARCH_PATHS = "$(inherited) @executable_path/Frameworks";
				PRODUCT_NAME = "$(TARGET_NAME)";
			};
			name = Debug;
		};
		90DB2D191AAA410700953D88 /* Release */ = {
			isa = XCBuildConfiguration;
			buildSettings = {
				ASSETCATALOG_COMPILER_APPICON_NAME = AppIcon;
				INFOPLIST_FILE = QPointsTest/Info.plist;
				LD_RUNPATH_SEARCH_PATHS = "$(inherited) @executable_path/Frameworks";
				PRODUCT_NAME = "$(TARGET_NAME)";
			};
			name = Release;
		};
		90DB2D1B1AAA410700953D88 /* Debug */ = {
			isa = XCBuildConfiguration;
			buildSettings = {
				BUNDLE_LOADER = "$(TEST_HOST)";
				FRAMEWORK_SEARCH_PATHS = (
					"$(SDKROOT)/Developer/Library/Frameworks",
					"$(inherited)",
				);
				GCC_PREPROCESSOR_DEFINITIONS = (
					"DEBUG=1",
					"$(inherited)",
				);
				INFOPLIST_FILE = QPointsTestTests/Info.plist;
				LD_RUNPATH_SEARCH_PATHS = "$(inherited) @executable_path/Frameworks @loader_path/Frameworks";
				PRODUCT_NAME = "$(TARGET_NAME)";
				TEST_HOST = "$(BUILT_PRODUCTS_DIR)/QPointsTest.app/QPointsTest";
			};
			name = Debug;
		};
		90DB2D1C1AAA410700953D88 /* Release */ = {
			isa = XCBuildConfiguration;
			buildSettings = {
				BUNDLE_LOADER = "$(TEST_HOST)";
				FRAMEWORK_SEARCH_PATHS = (
					"$(SDKROOT)/Developer/Library/Frameworks",
					"$(inherited)",
				);
				INFOPLIST_FILE = QPointsTestTests/Info.plist;
				LD_RUNPATH_SEARCH_PATHS = "$(inherited) @executable_path/Frameworks @loader_path/Frameworks";
				PRODUCT_NAME = "$(TARGET_NAME)";
				TEST_HOST = "$(BUILT_PRODUCTS_DIR)/QPointsTest.app/QPointsTest";
			};
			name = Release;
		};
/* End XCBuildConfiguration section */

/* Begin XCConfigurationList section */
		90DB2CF31AAA410600953D88 /* Build configuration list for PBXProject "QPointsTest" */ = {
			isa = XCConfigurationList;
			buildConfigurations = (
				90DB2D151AAA410700953D88 /* Debug */,
				90DB2D161AAA410700953D88 /* Release */,
			);
			defaultConfigurationIsVisible = 0;
			defaultConfigurationName = Release;
		};
		90DB2D171AAA410700953D88 /* Build configuration list for PBXNativeTarget "QPointsTest" */ = {
			isa = XCConfigurationList;
			buildConfigurations = (
				90DB2D181AAA410700953D88 /* Debug */,
				90DB2D191AAA410700953D88 /* Release */,
			);
			defaultConfigurationIsVisible = 0;
			defaultConfigurationName = Release;
		};
		90DB2D1A1AAA410700953D88 /* Build configuration list for PBXNativeTarget "QPointsTestTests" */ = {
			isa = XCConfigurationList;
			buildConfigurations = (
				90DB2D1B1AAA410700953D88 /* Debug */,
				90DB2D1C1AAA410700953D88 /* Release */,
			);
			defaultConfigurationIsVisible = 0;
			defaultConfigurationName = Release;
		};
/* End XCConfigurationList section */
	};
	rootObject = 90DB2CF01AAA410600953D88 /* Project object */;
}
